uuid: befb5832-33f9-4168-aabe-28fafaf12db4
langcode: en
status: true
dependencies:
  config:
    - views.view.latest_articles
  module:
    - ctools
    - views
  theme:
    - chew
id: views_block__latest_articles_article_page_block
theme: chew
region: sidebar_second
weight: -11
provider: null
plugin: 'views_block:latest_articles-article_page_block'
settings:
  id: 'views_block:latest_articles-article_page_block'
  label: ''
  provider: views
  label_display: visible
  views_label: ''
  items_per_page: none
visibility:
  'entity_bundle:node':
    id: 'entity_bundle:node'
    bundles:
      article: article
    negate: false
    context_mapping:
      node: '@node.node_route_context:node'
