uuid: dbb80387-a3e5-4263-92a5-d80144a95f1e
langcode: en
status: true
dependencies:
  config:
    - views.view.articles
  module:
    - system
    - views
  theme:
    - chew
id: views_block__articles_latest_block
theme: chew
region: content
weight: -7
provider: null
plugin: 'views_block:articles-latest_block'
settings:
  id: 'views_block:articles-latest_block'
  label: ''
  provider: views
  label_display: visible
  views_label: ''
  items_per_page: none
visibility:
  request_path:
    id: request_path
    pages: '<front>'
    negate: false
    context_mapping: {  }
