uuid: 667ec37b-a6c8-4c50-9aca-2b78248fc781
langcode: en
status: true
dependencies:
  config:
    - views.view.featured_content
  module:
    - system
    - views
  theme:
    - chew
id: views_block__featured_content_first_featured_block
theme: chew
region: content
weight: -14
provider: null
plugin: 'views_block:featured_content-first_featured_block'
settings:
  id: 'views_block:featured_content-first_featured_block'
  label: ''
  provider: views
  label_display: '0'
  views_label: ''
  items_per_page: none
visibility:
  request_path:
    id: request_path
    pages: '<front>'
    negate: false
    context_mapping: {  }
