uuid: cc53f702-b6e0-4981-bae3-fb7be286e614
langcode: en
status: true
dependencies:
  config:
    - views.view.related_articles
  module:
    - ctools
    - views
  theme:
    - chew
id: views_block__related_articles_block
theme: chew
region: sidebar_second
weight: -10
provider: null
plugin: 'views_block:related_articles-block'
settings:
  id: 'views_block:related_articles-block'
  label: ''
  provider: views
  label_display: visible
  views_label: ''
  items_per_page: none
visibility:
  'entity_bundle:node':
    id: 'entity_bundle:node'
    bundles:
      article: article
    negate: false
    context_mapping:
      node: '@node.node_route_context:node'
