uuid: d2dd823b-48a8-4cde-a077-8fea64b218e6
langcode: en
status: true
dependencies:
  module:
    - block
    - paragraphs
_core:
  default_config_hash: wKqbrxdZC5qZOUbDqxm9tm8HooWBCTzRL3A06auz5TI
id: paragraph.uwm_block
field_name: uwm_block
entity_type: paragraph
type: entity_reference
settings:
  target_type: block
module: core
locked: false
cardinality: -1
translatable: true
indexes: {  }
persist_with_no_fields: false
custom_storage: false
