uuid: 832f2611-7201-405c-a122-0a4fa3054c52
langcode: en
status: true
dependencies:
  module:
    - uwmed_huddle_blocks
  theme:
    - uwmed_bootstrap
_core:
  default_config_hash: Vu3lECkFRW8EZVuhXJLCquYD-Zo23Q2ZwGLv2SazAEI
id: footersociallinksblock
theme: uwmed_bootstrap
region: footer
weight: -8
provider: null
plugin: footer_social_links_Block
settings:
  id: footer_social_links_Block
  label: 'Footer Social Links Block'
  provider: uwmed_huddle_blocks
  label_display: '0'
  footer_social_links_block_string: '<div class="footer-uw-social-wrap"><div class="footer-uw-link"><a class="svg" href="http://www.uwmedicine.org/" target="_blank">UW Medicine</a><a href="http://www.uwmedicine.org/" target="_blank">UWMedicine.org</a></div><div class="footer-social-links"><ul><li><a class="facebook" href="#">Facebook</a></li><li><a class="twitter" href="#">Twitter</a></li><li><a class="youtube" href="#">Youtube</a></li><li><a class="linkedin" href="#">LinkedIn</a></li><li><a class="instagram" href="#">Instagram</a></li></ul></div></div>'
visibility: {  }
