uuid: 8a3f5bfd-f35f-4474-b9ca-f9c2e14846be
langcode: en
status: true
dependencies:
  module:
    - uwmed_huddle_blocks
  theme:
    - uwmed_bootstrap
_core:
  default_config_hash: _JTCwM9lAJRP5wWRca9wo1dAc6K3AEKsO8olfa2fzpo
id: footercontentblock
theme: uwmed_bootstrap
region: footer
weight: 0
provider: null
plugin: footer_content_Block
settings:
  id: footer_content_Block
  label: 'Footer Content Block'
  provider: uwmed_huddle_blocks
  label_display: '0'
  footer_content_block_string: '<div class="footer-accelerate"><a href="#">Accelerate - The Campaign for UW Medicine</a></div><div class="footer-tagline"><h5>Our Mission: Improving the Health of the Public</h5></div>'
visibility: {  }
