uuid: e7cab4ee-73be-4fa0-b7ab-fbc383bb05a8
langcode: en
status: true
dependencies:
  module:
    - uwmed_huddle_blocks
  theme:
    - uwmed_bootstrap
_core:
  default_config_hash: D7_P_a9ctakl5zLj0Zd4kWdDNsR6qRebcFqL2_8gEXM
id: globalheadermenublock
theme: uwmed_bootstrap
region: header_upper
weight: 0
provider: null
plugin: global_header_menu_block
settings:
  id: global_header_menu_block
  label: 'Global Header Menu Block'
  provider: uwmed_huddle_blocks
  label_display: '0'
  global_header_menu_block_string: '<nav id="global-menu"><h2 class="visually-hidden">Global Menu</h2><ul class="menu"><li><a href="/contact">Contact</a></li><li><a data-toggle="modal" data-target="#webform-subscribe-modal" href="#">Subscribe</a></li><li class="expanded dropdown"><a href="#" class="dropdown-toggle" data-toggle="dropdown" role="button" aria-haspopup="true" aria-expanded="false">Submit</a><ul class="menu dropdown-menu"><li><a href="/submit-story">Story Ideas</a></li><li><a href="/submit-photo">Photos &amp; Videos</a></li><li><a href="/node/add/event">Events</a></li><li><a href="/submit-award">Awards</a></li></ul></li></ul></nav>'
visibility: {  }
